// !$*UTF8*$!
{
	archiveVersion = 1;
	classes = {
	};
	objectVersion = 45;
	objects = {

/* Begin PBXBuildFile section */
		8DD76FAC0486AB0100D96B5E /* main.c in Sources */ = {isa = PBXBuildFile; fileRef = 08FB7796FE84155DC02AAC07 /* main.c */; settings = {ATTRIBUTES = (); }; };
		8DD76FB00486AB0100D96B5E /* Project Euler.1 in CopyFiles */ = {isa = PBXBuildFile; fileRef = C6A0FF2C0290799A04C91782 /* Project Euler.1 */; };
		A70209C61314656700548E0B /* 321.c in Sources */ = {isa = PBXBuildFile; fileRef = A70209C51314656700548E0B /* 321.c */; };
		A70DC097143E710900665C7E /* 41.c in Sources */ = {isa = PBXBuildFile; fileRef = A70DC096143E710900665C7E /* 41.c */; };
		A76D36BD119B71EA00962930 /* helpers.c in Sources */ = {isa = PBXBuildFile; fileRef = A76D36BC119B71EA00962930 /* helpers.c */; };
		A76F695C139EDF1700C9FFDA /* 39.c in Sources */ = {isa = PBXBuildFile; fileRef = A76F695B139EDF1700C9FFDA /* 39.c */; };
		A79AA17E126A33A200A3BD5D /* 36.c in Sources */ = {isa = PBXBuildFile; fileRef = A79AA17D126A33A200A3BD5D /* 36.c */; };
		A7C846C312652AAF00A3CA70 /* 23.c in Sources */ = {isa = PBXBuildFile; fileRef = A7C846C212652AAF00A3CA70 /* 23.c */; };
		A7C847EA1265B8E100A3CA70 /* 33.c in Sources */ = {isa = PBXBuildFile; fileRef = A7C847E91265B8E100A3CA70 /* 33.c */; };
		A7C8483F1266296500A3CA70 /* 35.c in Sources */ = {isa = PBXBuildFile; fileRef = A7C8483E1266296500A3CA70 /* 35.c */; };
		A7D60EBF138B249400BC838B /* 38.c in Sources */ = {isa = PBXBuildFile; fileRef = A7D60EBE138B249400BC838B /* 38.c */; };
		A7F9E4211297119900E17A63 /* 37.c in Sources */ = {isa = PBXBuildFile; fileRef = A7F9E4201297119900E17A63 /* 37.c */; };
/* End PBXBuildFile section */

/* Begin PBXCopyFilesBuildPhase section */
		8DD76FAF0486AB0100D96B5E /* CopyFiles */ = {
			isa = PBXCopyFilesBuildPhase;
			buildActionMask = 8;
			dstPath = /usr/share/man/man1/;
			dstSubfolderSpec = 0;
			files = (
				8DD76FB00486AB0100D96B5E /* Project Euler.1 in CopyFiles */,
			);
			runOnlyForDeploymentPostprocessing = 1;
		};
/* End PBXCopyFilesBuildPhase section */

/* Begin PBXFileReference section */
		08FB7796FE84155DC02AAC07 /* main.c */ = {isa = PBXFileReference; fileEncoding = 4; lastKnownFileType = sourcecode.c.c; path = main.c; sourceTree = "<group>"; };
		8DD76FB20486AB0100D96B5E /* Project Euler */ = {isa = PBXFileReference; explicitFileType = "compiled.mach-o.executable"; includeInIndex = 0; path = "Project Euler"; sourceTree = BUILT_PRODUCTS_DIR; };
		A70209C41314656700548E0B /* 321.h */ = {isa = PBXFileReference; fileEncoding = 4; lastKnownFileType = sourcecode.c.h; path = 321.h; sourceTree = "<group>"; };
		A70209C51314656700548E0B /* 321.c */ = {isa = PBXFileReference; fileEncoding = 4; lastKnownFileType = sourcecode.c.c; path = 321.c; sourceTree = "<group>"; };
		A70DC095143E710900665C7E /* 41.h */ = {isa = PBXFileReference; fileEncoding = 4; lastKnownFileType = sourcecode.c.h; path = 41.h; sourceTree = "<group>"; };
		A70DC096143E710900665C7E /* 41.c */ = {isa = PBXFileReference; fileEncoding = 4; lastKnownFileType = sourcecode.c.c; path = 41.c; sourceTree = "<group>"; };
		A734B2401188784400AD1A60 /* main.h */ = {isa = PBXFileReference; fileEncoding = 4; lastKnownFileType = sourcecode.c.h; path = main.h; sourceTree = "<group>"; };
		A76D36BB119B71EA00962930 /* helpers.h */ = {isa = PBXFileReference; fileEncoding = 4; lastKnownFileType = sourcecode.c.h; path = helpers.h; sourceTree = "<group>"; };
		A76D36BC119B71EA00962930 /* helpers.c */ = {isa = PBXFileReference; fileEncoding = 4; lastKnownFileType = sourcecode.c.c; path = helpers.c; sourceTree = "<group>"; };
		A76F695A139EDF1700C9FFDA /* 39.h */ = {isa = PBXFileReference; fileEncoding = 4; lastKnownFileType = sourcecode.c.h; path = 39.h; sourceTree = "<group>"; };
		A76F695B139EDF1700C9FFDA /* 39.c */ = {isa = PBXFileReference; fileEncoding = 4; lastKnownFileType = sourcecode.c.c; path = 39.c; sourceTree = "<group>"; };
		A79AA17C126A33A200A3BD5D /* 36.h */ = {isa = PBXFileReference; fileEncoding = 4; lastKnownFileType = sourcecode.c.h; path = 36.h; sourceTree = "<group>"; };
		A79AA17D126A33A200A3BD5D /* 36.c */ = {isa = PBXFileReference; fileEncoding = 4; lastKnownFileType = sourcecode.c.c; path = 36.c; sourceTree = "<group>"; };
		A7C846C212652AAF00A3CA70 /* 23.c */ = {isa = PBXFileReference; fileEncoding = 4; lastKnownFileType = sourcecode.c.c; path = 23.c; sourceTree = "<group>"; };
		A7C846C412652AEE00A3CA70 /* 23.h */ = {isa = PBXFileReference; fileEncoding = 4; lastKnownFileType = sourcecode.c.h; path = 23.h; sourceTree = "<group>"; };
		A7C846C712652B5500A3CA70 /* problems.h */ = {isa = PBXFileReference; fileEncoding = 4; lastKnownFileType = sourcecode.c.h; path = problems.h; sourceTree = "<group>"; };
		A7C847E91265B8E100A3CA70 /* 33.c */ = {isa = PBXFileReference; fileEncoding = 4; lastKnownFileType = sourcecode.c.c; path = 33.c; sourceTree = "<group>"; };
		A7C8483D1266296500A3CA70 /* 35.h */ = {isa = PBXFileReference; fileEncoding = 4; lastKnownFileType = sourcecode.c.h; path = 35.h; sourceTree = "<group>"; };
		A7C8483E1266296500A3CA70 /* 35.c */ = {isa = PBXFileReference; fileEncoding = 4; lastKnownFileType = sourcecode.c.c; path = 35.c; sourceTree = "<group>"; };
		A7D60EBD138B249400BC838B /* 38.h */ = {isa = PBXFileReference; fileEncoding = 4; lastKnownFileType = sourcecode.c.h; path = 38.h; sourceTree = "<group>"; };
		A7D60EBE138B249400BC838B /* 38.c */ = {isa = PBXFileReference; fileEncoding = 4; lastKnownFileType = sourcecode.c.c; path = 38.c; sourceTree = "<group>"; };
		A7F9E41F1297119900E17A63 /* 37.h */ = {isa = PBXFileReference; fileEncoding = 4; lastKnownFileType = sourcecode.c.h; path = 37.h; sourceTree = "<group>"; };
		A7F9E4201297119900E17A63 /* 37.c */ = {isa = PBXFileReference; fileEncoding = 4; lastKnownFileType = sourcecode.c.c; path = 37.c; sourceTree = "<group>"; };
		C6A0FF2C0290799A04C91782 /* Project Euler.1 */ = {isa = PBXFileReference; lastKnownFileType = text.man; path = "Project Euler.1"; sourceTree = "<group>"; };
/* End PBXFileReference section */

/* Begin PBXFrameworksBuildPhase section */
		8DD76FAD0486AB0100D96B5E /* Frameworks */ = {
			isa = PBXFrameworksBuildPhase;
			buildActionMask = 2147483647;
			files = (
			);
			runOnlyForDeploymentPostprocessing = 0;
		};
/* End PBXFrameworksBuildPhase section */

/* Begin PBXGroup section */
		08FB7794FE84155DC02AAC07 /* Project Euler */ = {
			isa = PBXGroup;
			children = (
				08FB7795FE84155DC02AAC07 /* Source */,
				C6A0FF2B0290797F04C91782 /* Documentation */,
				1AB674ADFE9D54B511CA2CBB /* Products */,
			);
			name = "Project Euler";
			sourceTree = "<group>";
		};
		08FB7795FE84155DC02AAC07 /* Source */ = {
			isa = PBXGroup;
			children = (
				A7C846BF12652A5A00A3CA70 /* Problems */,
				A734B2401188784400AD1A60 /* main.h */,
				08FB7796FE84155DC02AAC07 /* main.c */,
				A76D36BB119B71EA00962930 /* helpers.h */,
				A76D36BC119B71EA00962930 /* helpers.c */,
			);
			name = Source;
			sourceTree = "<group>";
		};
		1AB674ADFE9D54B511CA2CBB /* Products */ = {
			isa = PBXGroup;
			children = (
				8DD76FB20486AB0100D96B5E /* Project Euler */,
			);
			name = Products;
			sourceTree = "<group>";
		};
		A7C846BF12652A5A00A3CA70 /* Problems */ = {
			isa = PBXGroup;
			children = (
				A7C846C712652B5500A3CA70 /* problems.h */,
				A7C847E91265B8E100A3CA70 /* 33.c */,
				A7C846C212652AAF00A3CA70 /* 23.c */,
				A7C846C412652AEE00A3CA70 /* 23.h */,
				A7C8483D1266296500A3CA70 /* 35.h */,
				A7C8483E1266296500A3CA70 /* 35.c */,
				A79AA17C126A33A200A3BD5D /* 36.h */,
				A79AA17D126A33A200A3BD5D /* 36.c */,
				A7F9E41F1297119900E17A63 /* 37.h */,
				A7F9E4201297119900E17A63 /* 37.c */,
				A70209C41314656700548E0B /* 321.h */,
				A70209C51314656700548E0B /* 321.c */,
				A7D60EBD138B249400BC838B /* 38.h */,
				A7D60EBE138B249400BC838B /* 38.c */,
				A76F695A139EDF1700C9FFDA /* 39.h */,
				A76F695B139EDF1700C9FFDA /* 39.c */,
				A70DC095143E710900665C7E /* 41.h */,
				A70DC096143E710900665C7E /* 41.c */,
			);
			name = Problems;
			sourceTree = "<group>";
		};
		C6A0FF2B0290797F04C91782 /* Documentation */ = {
			isa = PBXGroup;
			children = (
				C6A0FF2C0290799A04C91782 /* Project Euler.1 */,
			);
			name = Documentation;
			sourceTree = "<group>";
		};
/* End PBXGroup section */

/* Begin PBXNativeTarget section */
		8DD76FA90486AB0100D96B5E /* Project Euler */ = {
			isa = PBXNativeTarget;
			buildConfigurationList = 1DEB928508733DD80010E9CD /* Build configuration list for PBXNativeTarget "Project Euler" */;
			buildPhases = (
				8DD76FAB0486AB0100D96B5E /* Sources */,
				8DD76FAD0486AB0100D96B5E /* Frameworks */,
				8DD76FAF0486AB0100D96B5E /* CopyFiles */,
			);
			buildRules = (
			);
			dependencies = (
			);
			name = "Project Euler";
			productInstallPath = "$(HOME)/bin";
			productName = "Project Euler";
			productReference = 8DD76FB20486AB0100D96B5E /* Project Euler */;
			productType = "com.apple.product-type.tool";
		};
/* End PBXNativeTarget section */

/* Begin PBXProject section */
		08FB7793FE84155DC02AAC07 /* Project object */ = {
			isa = PBXProject;
			buildConfigurationList = 1DEB928908733DD80010E9CD /* Build configuration list for PBXProject "Project Euler" */;
			compatibilityVersion = "Xcode 3.1";
			developmentRegion = English;
			hasScannedForEncodings = 1;
			knownRegions = (
				English,
				Japanese,
				French,
				German,
			);
			mainGroup = 08FB7794FE84155DC02AAC07 /* Project Euler */;
			projectDirPath = "";
			projectRoot = "";
			targets = (
				8DD76FA90486AB0100D96B5E /* Project Euler */,
			);
		};
/* End PBXProject section */

/* Begin PBXSourcesBuildPhase section */
		8DD76FAB0486AB0100D96B5E /* Sources */ = {
			isa = PBXSourcesBuildPhase;
			buildActionMask = 2147483647;
			files = (
				8DD76FAC0486AB0100D96B5E /* main.c in Sources */,
				A76D36BD119B71EA00962930 /* helpers.c in Sources */,
				A7C846C312652AAF00A3CA70 /* 23.c in Sources */,
				A7C847EA1265B8E100A3CA70 /* 33.c in Sources */,
				A7C8483F1266296500A3CA70 /* 35.c in Sources */,
				A79AA17E126A33A200A3BD5D /* 36.c in Sources */,
				A7F9E4211297119900E17A63 /* 37.c in Sources */,
				A70209C61314656700548E0B /* 321.c in Sources */,
				A7D60EBF138B249400BC838B /* 38.c in Sources */,
				A76F695C139EDF1700C9FFDA /* 39.c in Sources */,
				A70DC097143E710900665C7E /* 41.c in Sources */,
			);
			runOnlyForDeploymentPostprocessing = 0;
		};
/* End PBXSourcesBuildPhase section */

/* Begin XCBuildConfiguration section */
		1DEB928608733DD80010E9CD /* Debug */ = {
			isa = XCBuildConfiguration;
			buildSettings = {
				ALWAYS_SEARCH_USER_PATHS = NO;
				COPY_PHASE_STRIP = NO;
				GCC_DYNAMIC_NO_PIC = NO;
				GCC_ENABLE_FIX_AND_CONTINUE = YES;
				GCC_MODEL_TUNING = G5;
				GCC_OPTIMIZATION_LEVEL = 0;
				INSTALL_PATH = /usr/local/bin;
				PRODUCT_NAME = "Project Euler";
			};
			name = Debug;
		};
		1DEB928708733DD80010E9CD /* Release */ = {
			isa = XCBuildConfiguration;
			buildSettings = {
				ALWAYS_SEARCH_USER_PATHS = NO;
				DEBUG_INFORMATION_FORMAT = "dwarf-with-dsym";
				GCC_MODEL_TUNING = G5;
				INSTALL_PATH = /usr/local/bin;
				PRODUCT_NAME = "Project Euler";
			};
			name = Release;
		};
		1DEB928A08733DD80010E9CD /* Debug */ = {
			isa = XCBuildConfiguration;
			buildSettings = {
				ARCHS = "$(ARCHS_STANDARD_32_BIT)";
				GCC_C_LANGUAGE_STANDARD = c99;
				GCC_OPTIMIZATION_LEVEL = 0;
				GCC_WARN_ABOUT_RETURN_TYPE = YES;
				GCC_WARN_UNUSED_VARIABLE = YES;
				ONLY_ACTIVE_ARCH = YES;
				OTHER_LDFLAGS = (
					"-lmenu",
					"-lncurses",
				);
				PREBINDING = NO;
				PRELINK_LIBS = "";
				SDKROOT = macosx10.5;
			};
			name = Debug;
		};
		1DEB928B08733DD80010E9CD /* Release */ = {
			isa = XCBuildConfiguration;
			buildSettings = {
				ARCHS = "$(ARCHS_STANDARD_32_BIT)";
				GCC_C_LANGUAGE_STANDARD = c99;
				GCC_WARN_ABOUT_RETURN_TYPE = YES;
				GCC_WARN_UNUSED_VARIABLE = YES;
				PREBINDING = NO;
				SDKROOT = macosx10.5;
			};
			name = Release;
		};
/* End XCBuildConfiguration section */

/* Begin XCConfigurationList section */
		1DEB928508733DD80010E9CD /* Build configuration list for PBXNativeTarget "Project Euler" */ = {
			isa = XCConfigurationList;
			buildConfigurations = (
				1DEB928608733DD80010E9CD /* Debug */,
				1DEB928708733DD80010E9CD /* Release */,
			);
			defaultConfigurationIsVisible = 0;
			defaultConfigurationName = Release;
		};
		1DEB928908733DD80010E9CD /* Build configuration list for PBXProject "Project Euler" */ = {
			isa = XCConfigurationList;
			buildConfigurations = (
				1DEB928A08733DD80010E9CD /* Debug */,
				1DEB928B08733DD80010E9CD /* Release */,
			);
			defaultConfigurationIsVisible = 0;
			defaultConfigurationName = Release;
		};
/* End XCConfigurationList section */
	};
	rootObject = 08FB7793FE84155DC02AAC07 /* Project object */;
}
